
Microsoft Visual Studio Solution File, Format Version 12.00
Project("{FAE04EC0-301F-11D3-BF4B-00C04F79EFBC}") = "Proto", "Proto.csproj", "{5F630BE7-CB1B-4E1F-840F-A10334C1315A}"
EndProject
Global
	GlobalSection(SolutionConfigurationPlatforms) = preSolution
		Debug|Any CPU = Debug|Any CPU
		Release|Any CPU = Release|Any CPU
	EndGlobalSection
	GlobalSection(ProjectConfigurationPlatforms) = postSolution
		{5F630BE7-CB1B-4E1F-840F-A10334C1315A}.Debug|Any CPU.ActiveCfg = Debug|Any CPU
		{5F630BE7-CB1B-4E1F-840F-A10334C1315A}.Debug|Any CPU.Build.0 = Debug|Any CPU
		{5F630BE7-CB1B-4E1F-840F-A10334C1315A}.Release|Any CPU.ActiveCfg = Release|Any CPU
		{5F630BE7-CB1B-4E1F-840F-A10334C1315A}.Release|Any CPU.Build.0 = Release|Any CPU
	EndGlobalSection
EndGlobal
